
Microsoft Visual Studio Solution File, Format Version 12.00
# Visual Studio Version 17
VisualStudioVersion = 17.5.33627.172
MinimumVisualStudioVersion = 10.0.40219.1
Project("{FAE04EC0-301F-11D3-BF4B-00C04F79EFBC}") = "Logical_Programming", "Logical_Programming\Logical_Programming.csproj", "{BF1EA842-E8D1-46E6-BD91-2A0B97CD1B58}"
EndProject
Global
	GlobalSection(SolutionConfigurationPlatforms) = preSolution
		Debug|Any CPU = Debug|Any CPU
		Release|Any CPU = Release|Any CPU
	EndGlobalSection
	GlobalSection(ProjectConfigurationPlatforms) = postSolution
		{BF1EA842-E8D1-46E6-BD91-2A0B97CD1B58}.Debug|Any CPU.ActiveCfg = Debug|Any CPU
		{BF1EA842-E8D1-46E6-BD91-2A0B97CD1B58}.Debug|Any CPU.Build.0 = Debug|Any CPU
		{BF1EA842-E8D1-46E6-BD91-2A0B97CD1B58}.Release|Any CPU.ActiveCfg = Release|Any CPU
		{BF1EA842-E8D1-46E6-BD91-2A0B97CD1B58}.Release|Any CPU.Build.0 = Release|Any CPU
	EndGlobalSection
	GlobalSection(SolutionProperties) = preSolution
		HideSolutionNode = FALSE
	EndGlobalSection
	GlobalSection(ExtensibilityGlobals) = postSolution
		SolutionGuid = {90FD4070-B5C3-45E3-9CD4-DAE1096AD5C8}
	EndGlobalSection
EndGlobal
